// !$*UTF8*$!
{
	archiveVersion = 1;
	classes = {
	};
	objectVersion = 48;
	objects = {

/* Begin PBXBuildFile section */
		22CAAE85202998C500738512 /* AppDelegate.swift in Sources */ = {isa = PBXBuildFile; fileRef = 22CAAE84202998C500738512 /* AppDelegate.swift */; };
		22CAAE87202998C500738512 /* ViewController.swift in Sources */ = {isa = PBXBuildFile; fileRef = 22CAAE86202998C500738512 /* ViewController.swift */; };
		22CAAE8A202998C500738512 /* Main.storyboard in Resources */ = {isa = PBXBuildFile; fileRef = 22CAAE88202998C500738512 /* Main.storyboard */; };
		22CAAE8C202998C500738512 /* Assets.xcassets in Resources */ = {isa = PBXBuildFile; fileRef = 22CAAE8B202998C500738512 /* Assets.xcassets */; };
		22CAAE8F202998C500738512 /* LaunchScreen.storyboard in Resources */ = {isa = PBXBuildFile; fileRef = 22CAAE8D202998C500738512 /* LaunchScreen.storyboard */; };
		22CAAE9A202998C500738512 /* FeatureStarTests.swift in Sources */ = {isa = PBXBuildFile; fileRef = 22CAAE99202998C500738512 /* FeatureStarTests.swift */; };
		22CAAEA5202998C600738512 /* FeatureStarUITests.swift in Sources */ = {isa = PBXBuildFile; fileRef = 22CAAEA4202998C600738512 /* FeatureStarUITests.swift */; };
/* End PBXBuildFile section */

/* Begin PBXContainerItemProxy section */
		22CAAE96202998C500738512 /* PBXContainerItemProxy */ = {
			isa = PBXContainerItemProxy;
			containerPortal = 22CAAE79202998C500738512 /* Project object */;
			proxyType = 1;
			remoteGlobalIDString = 22CAAE80202998C500738512;
			remoteInfo = FeatureStar;
		};
		22CAAEA1202998C600738512 /* PBXContainerItemProxy */ = {
			isa = PBXContainerItemProxy;
			containerPortal = 22CAAE79202998C500738512 /* Project object */;
			proxyType = 1;
			remoteGlobalIDString = 22CAAE80202998C500738512;
			remoteInfo = FeatureStar;
		};
/* End PBXContainerItemProxy section */

/* Begin PBXFileReference section */
		22CAAE81202998C500738512 /* FeatureStar.app */ = {isa = PBXFileReference; explicitFileType = wrapper.application; includeInIndex = 0; path = FeatureStar.app; sourceTree = BUILT_PRODUCTS_DIR; };
		22CAAE84202998C500738512 /* AppDelegate.swift */ = {isa = PBXFileReference; lastKnownFileType = sourcecode.swift; path = AppDelegate.swift; sourceTree = "<group>"; };
		22CAAE86202998C500738512 /* ViewController.swift */ = {isa = PBXFileReference; lastKnownFileType = sourcecode.swift; path = ViewController.swift; sourceTree = "<group>"; };
		22CAAE89202998C500738512 /* Base */ = {isa = PBXFileReference; lastKnownFileType = file.storyboard; name = Base; path = Base.lproj/Main.storyboard; sourceTree = "<group>"; };
		22CAAE8B202998C500738512 /* Assets.xcassets */ = {isa = PBXFileReference; lastKnownFileType = folder.assetcatalog; path = Assets.xcassets; sourceTree = "<group>"; };
		22CAAE8E202998C500738512 /* Base */ = {isa = PBXFileReference; lastKnownFileType = file.storyboard; name = Base; path = Base.lproj/LaunchScreen.storyboard; sourceTree = "<group>"; };
		22CAAE90202998C500738512 /* Info.plist */ = {isa = PBXFileReference; lastKnownFileType = text.plist.xml; path = Info.plist; sourceTree = "<group>"; };
		22CAAE95202998C500738512 /* FeatureStarTests.xctest */ = {isa = PBXFileReference; explicitFileType = wrapper.cfbundle; includeInIndex = 0; path = FeatureStarTests.xctest; sourceTree = BUILT_PRODUCTS_DIR; };
		22CAAE99202998C500738512 /* FeatureStarTests.swift */ = {isa = PBXFileReference; lastKnownFileType = sourcecode.swift; path = FeatureStarTests.swift; sourceTree = "<group>"; };
		22CAAE9B202998C500738512 /* Info.plist */ = {isa = PBXFileReference; lastKnownFileType = text.plist.xml; path = Info.plist; sourceTree = "<group>"; };
		22CAAEA0202998C600738512 /* FeatureStarUITests.xctest */ = {isa = PBXFileReference; explicitFileType = wrapper.cfbundle; includeInIndex = 0; path = FeatureStarUITests.xctest; sourceTree = BUILT_PRODUCTS_DIR; };
		22CAAEA4202998C600738512 /* FeatureStarUITests.swift */ = {isa = PBXFileReference; lastKnownFileType = sourcecode.swift; path = FeatureStarUITests.swift; sourceTree = "<group>"; };
		22CAAEA6202998C600738512 /* Info.plist */ = {isa = PBXFileReference; lastKnownFileType = text.plist.xml; path = Info.plist; sourceTree = "<group>"; };
/* End PBXFileReference section */

/* Begin PBXFrameworksBuildPhase section */
		22CAAE7E202998C500738512 /* Frameworks */ = {
			isa = PBXFrameworksBuildPhase;
			buildActionMask = 2147483647;
			files = (
			);
			runOnlyForDeploymentPostprocessing = 0;
		};
		22CAAE92202998C500738512 /* Frameworks */ = {
			isa = PBXFrameworksBuildPhase;
			buildActionMask = 2147483647;
			files = (
			);
			runOnlyForDeploymentPostprocessing = 0;
		};
		22CAAE9D202998C600738512 /* Frameworks */ = {
			isa = PBXFrameworksBuildPhase;
			buildActionMask = 2147483647;
			files = (
			);
			runOnlyForDeploymentPostprocessing = 0;
		};
/* End PBXFrameworksBuildPhase section */

/* Begin PBXGroup section */
		22CAAE78202998C500738512 = {
			isa = PBXGroup;
			children = (
				22CAAE83202998C500738512 /* FeatureStar */,
				22CAAE98202998C500738512 /* FeatureStarTests */,
				22CAAEA3202998C600738512 /* FeatureStarUITests */,
				22CAAE82202998C500738512 /* Products */,
			);
			sourceTree = "<group>";
		};
		22CAAE82202998C500738512 /* Products */ = {
			isa = PBXGroup;
			children = (
				22CAAE81202998C500738512 /* FeatureStar.app */,
				22CAAE95202998C500738512 /* FeatureStarTests.xctest */,
				22CAAEA0202998C600738512 /* FeatureStarUITests.xctest */,
			);
			name = Products;
			sourceTree = "<group>";
		};
		22CAAE83202998C500738512 /* FeatureStar */ = {
			isa = PBXGroup;
			children = (
				22CAAE84202998C500738512 /* AppDelegate.swift */,
				22CAAE86202998C500738512 /* ViewController.swift */,
				22CAAE88202998C500738512 /* Main.storyboard */,
				22CAAE8B202998C500738512 /* Assets.xcassets */,
				22CAAE8D202998C500738512 /* LaunchScreen.storyboard */,
				22CAAE90202998C500738512 /* Info.plist */,
			);
			path = FeatureStar;
			sourceTree = "<group>";
		};
		22CAAE98202998C500738512 /* FeatureStarTests */ = {
			isa = PBXGroup;
			children = (
				22CAAE99202998C500738512 /* FeatureStarTests.swift */,
				22CAAE9B202998C500738512 /* Info.plist */,
			);
			path = FeatureStarTests;
			sourceTree = "<group>";
		};
		22CAAEA3202998C600738512 /* FeatureStarUITests */ = {
			isa = PBXGroup;
			children = (
				22CAAEA4202998C600738512 /* FeatureStarUITests.swift */,
				22CAAEA6202998C600738512 /* Info.plist */,
			);
			path = FeatureStarUITests;
			sourceTree = "<group>";
		};
/* End PBXGroup section */

/* Begin PBXNativeTarget section */
		22CAAE80202998C500738512 /* FeatureStar */ = {
			isa = PBXNativeTarget;
			buildConfigurationList = 22CAAEA9202998C600738512 /* Build configuration list for PBXNativeTarget "FeatureStar" */;
			buildPhases = (
				22CAAE7D202998C500738512 /* Sources */,
				22CAAE7E202998C500738512 /* Frameworks */,
				22CAAE7F202998C500738512 /* Resources */,
			);
			buildRules = (
			);
			dependencies = (
			);
			name = FeatureStar;
			productName = FeatureStar;
			productReference = 22CAAE81202998C500738512 /* FeatureStar.app */;
			productType = "com.apple.product-type.application";
		};
		22CAAE94202998C500738512 /* FeatureStarTests */ = {
			isa = PBXNativeTarget;
			buildConfigurationList = 22CAAEAC202998C600738512 /* Build configuration list for PBXNativeTarget "FeatureStarTests" */;
			buildPhases = (
				22CAAE91202998C500738512 /* Sources */,
				22CAAE92202998C500738512 /* Frameworks */,
				22CAAE93202998C500738512 /* Resources */,
			);
			buildRules = (
			);
			dependencies = (
				22CAAE97202998C500738512 /* PBXTargetDependency */,
			);
			name = FeatureStarTests;
			productName = FeatureStarTests;
			productReference = 22CAAE95202998C500738512 /* FeatureStarTests.xctest */;
			productType = "com.apple.product-type.bundle.unit-test";
		};
		22CAAE9F202998C600738512 /* FeatureStarUITests */ = {
			isa = PBXNativeTarget;
			buildConfigurationList = 22CAAEAF202998C600738512 /* Build configuration list for PBXNativeTarget "FeatureStarUITests" */;
			buildPhases = (
				22CAAE9C202998C600738512 /* Sources */,
				22CAAE9D202998C600738512 /* Frameworks */,
				22CAAE9E202998C600738512 /* Resources */,
			);
			buildRules = (
			);
			dependencies = (
				22CAAEA2202998C600738512 /* PBXTargetDependency */,
			);
			name = FeatureStarUITests;
			productName = FeatureStarUITests;
			productReference = 22CAAEA0202998C600738512 /* FeatureStarUITests.xctest */;
			productType = "com.apple.product-type.bundle.ui-testing";
		};
/* End PBXNativeTarget section */

/* Begin PBXProject section */
		22CAAE79202998C500738512 /* Project object */ = {
			isa = PBXProject;
			attributes = {
				LastSwiftUpdateCheck = 0920;
				LastUpgradeCheck = 0920;
				ORGANIZATIONNAME = LM;
				TargetAttributes = {
					22CAAE80202998C500738512 = {
						CreatedOnToolsVersion = 9.2;
						ProvisioningStyle = Automatic;
					};
					22CAAE94202998C500738512 = {
						CreatedOnToolsVersion = 9.2;
						ProvisioningStyle = Automatic;
						TestTargetID = 22CAAE80202998C500738512;
					};
					22CAAE9F202998C600738512 = {
						CreatedOnToolsVersion = 9.2;
						ProvisioningStyle = Automatic;
						TestTargetID = 22CAAE80202998C500738512;
					};
				};
			};
			buildConfigurationList = 22CAAE7C202998C500738512 /* Build configuration list for PBXProject "FeatureStar" */;
			compatibilityVersion = "Xcode 8.0";
			developmentRegion = en;
			hasScannedForEncodings = 0;
			knownRegions = (
				en,
				Base,
			);
			mainGroup = 22CAAE78202998C500738512;
			productRefGroup = 22CAAE82202998C500738512 /* Products */;
			projectDirPath = "";
			projectRoot = "";
			targets = (
				22CAAE80202998C500738512 /* FeatureStar */,
				22CAAE94202998C500738512 /* FeatureStarTests */,
				22CAAE9F202998C600738512 /* FeatureStarUITests */,
			);
		};
/* End PBXProject section */

/* Begin PBXResourcesBuildPhase section */
		22CAAE7F202998C500738512 /* Resources */ = {
			isa = PBXResourcesBuildPhase;
			buildActionMask = 2147483647;
			files = (
				22CAAE8F202998C500738512 /* LaunchScreen.storyboard in Resources */,
				22CAAE8C202998C500738512 /* Assets.xcassets in Resources */,
				22CAAE8A202998C500738512 /* Main.storyboard in Resources */,
			);
			runOnlyForDeploymentPostprocessing = 0;
		};
		22CAAE93202998C500738512 /* Resources */ = {
			isa = PBXResourcesBuildPhase;
			buildActionMask = 2147483647;
			files = (
			);
			runOnlyForDeploymentPostprocessing = 0;
		};
		22CAAE9E202998C600738512 /* Resources */ = {
			isa = PBXResourcesBuildPhase;
			buildActionMask = 2147483647;
			files = (
			);
			runOnlyForDeploymentPostprocessing = 0;
		};
/* End PBXResourcesBuildPhase section */

/* Begin PBXSourcesBuildPhase section */
		22CAAE7D202998C500738512 /* Sources */ = {
			isa = PBXSourcesBuildPhase;
			buildActionMask = 2147483647;
			files = (
				22CAAE87202998C500738512 /* ViewController.swift in Sources */,
				22CAAE85202998C500738512 /* AppDelegate.swift in Sources */,
			);
			runOnlyForDeploymentPostprocessing = 0;
		};
		22CAAE91202998C500738512 /* Sources */ = {
			isa = PBXSourcesBuildPhase;
			buildActionMask = 2147483647;
			files = (
				22CAAE9A202998C500738512 /* FeatureStarTests.swift in Sources */,
			);
			runOnlyForDeploymentPostprocessing = 0;
		};
		22CAAE9C202998C600738512 /* Sources */ = {
			isa = PBXSourcesBuildPhase;
			buildActionMask = 2147483647;
			files = (
				22CAAEA5202998C600738512 /* FeatureStarUITests.swift in Sources */,
			);
			runOnlyForDeploymentPostprocessing = 0;
		};
/* End PBXSourcesBuildPhase section */

/* Begin PBXTargetDependency section */
		22CAAE97202998C500738512 /* PBXTargetDependency */ = {
			isa = PBXTargetDependency;
			target = 22CAAE80202998C500738512 /* FeatureStar */;
			targetProxy = 22CAAE96202998C500738512 /* PBXContainerItemProxy */;
		};
		22CAAEA2202998C600738512 /* PBXTargetDependency */ = {
			isa = PBXTargetDependency;
			target = 22CAAE80202998C500738512 /* FeatureStar */;
			targetProxy = 22CAAEA1202998C600738512 /* PBXContainerItemProxy */;
		};
/* End PBXTargetDependency section */

/* Begin PBXVariantGroup section */
		22CAAE88202998C500738512 /* Main.storyboard */ = {
			isa = PBXVariantGroup;
			children = (
				22CAAE89202998C500738512 /* Base */,
			);
			name = Main.storyboard;
			sourceTree = "<group>";
		};
		22CAAE8D202998C500738512 /* LaunchScreen.storyboard */ = {
			isa = PBXVariantGroup;
			children = (
				22CAAE8E202998C500738512 /* Base */,
			);
			name = LaunchScreen.storyboard;
			sourceTree = "<group>";
		};
/* End PBXVariantGroup section */

/* Begin XCBuildConfiguration section */
		22CAAEA7202998C600738512 /* Debug */ = {
			isa = XCBuildConfiguration;
			buildSettings = {
				ALWAYS_SEARCH_USER_PATHS = NO;
				CLANG_ANALYZER_NONNULL = YES;
				CLANG_ANALYZER_NUMBER_OBJECT_CONVERSION = YES_AGGRESSIVE;
				CLANG_CXX_LANGUAGE_STANDARD = "gnu++14";
				CLANG_CXX_LIBRARY = "libc++";
				CLANG_ENABLE_MODULES = YES;
				CLANG_ENABLE_OBJC_ARC = YES;
				CLANG_WARN_BLOCK_CAPTURE_AUTORELEASING = YES;
				CLANG_WARN_BOOL_CONVERSION = YES;
				CLANG_WARN_COMMA = YES;
				CLANG_WARN_CONSTANT_CONVERSION = YES;
				CLANG_WARN_DIRECT_OBJC_ISA_USAGE = YES_ERROR;
				CLANG_WARN_DOCUMENTATION_COMMENTS = YES;
				CLANG_WARN_EMPTY_BODY = YES;
				CLANG_WARN_ENUM_CONVERSION = YES;
				CLANG_WARN_INFINITE_RECURSION = YES;
				CLANG_WARN_INT_CONVERSION = YES;
				CLANG_WARN_NON_LITERAL_NULL_CONVERSION = YES;
				CLANG_WARN_OBJC_LITERAL_CONVERSION = YES;
				CLANG_WARN_OBJC_ROOT_CLASS = YES_ERROR;
				CLANG_WARN_RANGE_LOOP_ANALYSIS = YES;
				CLANG_WARN_STRICT_PROTOTYPES = YES;
				CLANG_WARN_SUSPICIOUS_MOVE = YES;
				CLANG_WARN_UNGUARDED_AVAILABILITY = YES_AGGRESSIVE;
				CLANG_WARN_UNREACHABLE_CODE = YES;
				CLANG_WARN__DUPLICATE_METHOD_MATCH = YES;
				CODE_SIGN_IDENTITY = "iPhone Developer";
				COPY_PHASE_STRIP = NO;
				DEBUG_INFORMATION_FORMAT = dwarf;
				ENABLE_STRICT_OBJC_MSGSEND = YES;
				ENABLE_TESTABILITY = YES;
				GCC_C_LANGUAGE_STANDARD = gnu11;
				GCC_DYNAMIC_NO_PIC = NO;
				GCC_NO_COMMON_BLOCKS = YES;
				GCC_OPTIMIZATION_LEVEL = 0;
				GCC_PREPROCESSOR_DEFINITIONS = (
					"DEBUG=1",
					"$(inherited)",
				);
				GCC_WARN_64_TO_32_BIT_CONVERSION = YES;
				GCC_WARN_ABOUT_RETURN_TYPE = YES_ERROR;
				GCC_WARN_UNDECLARED_SELECTOR = YES;
				GCC_WARN_UNINITIALIZED_AUTOS = YES_AGGRESSIVE;
				GCC_WARN_UNUSED_FUNCTION = YES;
				GCC_WARN_UNUSED_VARIABLE = YES;
				IPHONEOS_DEPLOYMENT_TARGET = 11.2;
				MTL_ENABLE_DEBUG_INFO = YES;
				ONLY_ACTIVE_ARCH = YES;
				SDKROOT = iphoneos;
				SWIFT_ACTIVE_COMPILATION_CONDITIONS = DEBUG;
				SWIFT_OPTIMIZATION_LEVEL = "-Onone";
			};
			name = Debug;
		};
		22CAAEA8202998C600738512 /* Release */ = {
			isa = XCBuildConfiguration;
			buildSettings = {
				ALWAYS_SEARCH_USER_PATHS = NO;
				CLANG_ANALYZER_NONNULL = YES;
				CLANG_ANALYZER_NUMBER_OBJECT_CONVERSION = YES_AGGRESSIVE;
				CLANG_CXX_LANGUAGE_STANDARD = "gnu++14";
				CLANG_CXX_LIBRARY = "libc++";
				CLANG_ENABLE_MODULES = YES;
				CLANG_ENABLE_OBJC_ARC = YES;
				CLANG_WARN_BLOCK_CAPTURE_AUTORELEASING = YES;
				CLANG_WARN_BOOL_CONVERSION = YES;
				CLANG_WARN_COMMA = YES;
				CLANG_WARN_CONSTANT_CONVERSION = YES;
				CLANG_WARN_DIRECT_OBJC_ISA_USAGE = YES_ERROR;
				CLANG_WARN_DOCUMENTATION_COMMENTS = YES;
				CLANG_WARN_EMPTY_BODY = YES;
				CLANG_WARN_ENUM_CONVERSION = YES;
				CLANG_WARN_INFINITE_RECURSION = YES;
				CLANG_WARN_INT_CONVERSION = YES;
				CLANG_WARN_NON_LITERAL_NULL_CONVERSION = YES;
				CLANG_WARN_OBJC_LITERAL_CONVERSION = YES;
				CLANG_WARN_OBJC_ROOT_CLASS = YES_ERROR;
				CLANG_WARN_RANGE_LOOP_ANALYSIS = YES;
				CLANG_WARN_STRICT_PROTOTYPES = YES;
				CLANG_WARN_SUSPICIOUS_MOVE = YES;
				CLANG_WARN_UNGUARDED_AVAILABILITY = YES_AGGRESSIVE;
				CLANG_WARN_UNREACHABLE_CODE = YES;
				CLANG_WARN__DUPLICATE_METHOD_MATCH = YES;
				CODE_SIGN_IDENTITY = "iPhone Developer";
				COPY_PHASE_STRIP = NO;
				DEBUG_INFORMATION_FORMAT = "dwarf-with-dsym";
				ENABLE_NS_ASSERTIONS = NO;
				ENABLE_STRICT_OBJC_MSGSEND = YES;
				GCC_C_LANGUAGE_STANDARD = gnu11;
				GCC_NO_COMMON_BLOCKS = YES;
				GCC_WARN_64_TO_32_BIT_CONVERSION = YES;
				GCC_WARN_ABOUT_RETURN_TYPE = YES_ERROR;
				GCC_WARN_UNDECLARED_SELECTOR = YES;
				GCC_WARN_UNINITIALIZED_AUTOS = YES_AGGRESSIVE;
				GCC_WARN_UNUSED_FUNCTION = YES;
				GCC_WARN_UNUSED_VARIABLE = YES;
				IPHONEOS_DEPLOYMENT_TARGET = 11.2;
				MTL_ENABLE_DEBUG_INFO = NO;
				SDKROOT = iphoneos;
				SWIFT_OPTIMIZATION_LEVEL = "-Owholemodule";
				VALIDATE_PRODUCT = YES;
			};
			name = Release;
		};
		22CAAEAA202998C600738512 /* Debug */ = {
			isa = XCBuildConfiguration;
			buildSettings = {
				ASSETCATALOG_COMPILER_APPICON_NAME = AppIcon;
				CODE_SIGN_STYLE = Automatic;
				DEVELOPMENT_TEAM = B2HJPX5DWF;
				INFOPLIST_FILE = FeatureStar/Info.plist;
				LD_RUNPATH_SEARCH_PATHS = "$(inherited) @executable_path/Frameworks";
				PRODUCT_BUNDLE_IDENTIFIER = studyDemo.com.FeatureStar;
				PRODUCT_NAME = "$(TARGET_NAME)";
				SWIFT_VERSION = 4.0;
				TARGETED_DEVICE_FAMILY = "1,2";
			};
			name = Debug;
		};
		22CAAEAB202998C600738512 /* Release */ = {
			isa = XCBuildConfiguration;
			buildSettings = {
				ASSETCATALOG_COMPILER_APPICON_NAME = AppIcon;
				CODE_SIGN_STYLE = Automatic;
				DEVELOPMENT_TEAM = B2HJPX5DWF;
				INFOPLIST_FILE = FeatureStar/Info.plist;
				LD_RUNPATH_SEARCH_PATHS = "$(inherited) @executable_path/Frameworks";
				PRODUCT_BUNDLE_IDENTIFIER = studyDemo.com.FeatureStar;
				PRODUCT_NAME = "$(TARGET_NAME)";
				SWIFT_VERSION = 4.0;
				TARGETED_DEVICE_FAMILY = "1,2";
			};
			name = Release;
		};
		22CAAEAD202998C600738512 /* Debug */ = {
			isa = XCBuildConfiguration;
			buildSettings = {
				ALWAYS_EMBED_SWIFT_STANDARD_LIBRARIES = YES;
				BUNDLE_LOADER = "$(TEST_HOST)";
				CODE_SIGN_STYLE = Automatic;
				DEVELOPMENT_TEAM = B2HJPX5DWF;
				INFOPLIST_FILE = FeatureStarTests/Info.plist;
				LD_RUNPATH_SEARCH_PATHS = "$(inherited) @executable_path/Frameworks @loader_path/Frameworks";
				PRODUCT_BUNDLE_IDENTIFIER = studyDemo.com.FeatureStarTests;
				PRODUCT_NAME = "$(TARGET_NAME)";
				SWIFT_VERSION = 4.0;
				TARGETED_DEVICE_FAMILY = "1,2";
				TEST_HOST = "$(BUILT_PRODUCTS_DIR)/FeatureStar.app/FeatureStar";
			};
			name = Debug;
		};
		22CAAEAE202998C600738512 /* Release */ = {
			isa = XCBuildConfiguration;
			buildSettings = {
				ALWAYS_EMBED_SWIFT_STANDARD_LIBRARIES = YES;
				BUNDLE_LOADER = "$(TEST_HOST)";
				CODE_SIGN_STYLE = Automatic;
				DEVELOPMENT_TEAM = B2HJPX5DWF;
				INFOPLIST_FILE = FeatureStarTests/Info.plist;
				LD_RUNPATH_SEARCH_PATHS = "$(inherited) @executable_path/Frameworks @loader_path/Frameworks";
				PRODUCT_BUNDLE_IDENTIFIER = studyDemo.com.FeatureStarTests;
				PRODUCT_NAME = "$(TARGET_NAME)";
				SWIFT_VERSION = 4.0;
				TARGETED_DEVICE_FAMILY = "1,2";
				TEST_HOST = "$(BUILT_PRODUCTS_DIR)/FeatureStar.app/FeatureStar";
			};
			name = Release;
		};
		22CAAEB0202998C600738512 /* Debug */ = {
			isa = XCBuildConfiguration;
			buildSettings = {
				ALWAYS_EMBED_SWIFT_STANDARD_LIBRARIES = YES;
				CODE_SIGN_STYLE = Automatic;
				DEVELOPMENT_TEAM = B2HJPX5DWF;
				INFOPLIST_FILE = FeatureStarUITests/Info.plist;
				LD_RUNPATH_SEARCH_PATHS = "$(inherited) @executable_path/Frameworks @loader_path/Frameworks";
				PRODUCT_BUNDLE_IDENTIFIER = studyDemo.com.FeatureStarUITests;
				PRODUCT_NAME = "$(TARGET_NAME)";
				SWIFT_VERSION = 4.0;
				TARGETED_DEVICE_FAMILY = "1,2";
				TEST_TARGET_NAME = FeatureStar;
			};
			name = Debug;
		};
		22CAAEB1202998C600738512 /* Release */ = {
			isa = XCBuildConfiguration;
			buildSettings = {
				ALWAYS_EMBED_SWIFT_STANDARD_LIBRARIES = YES;
				CODE_SIGN_STYLE = Automatic;
				DEVELOPMENT_TEAM = B2HJPX5DWF;
				INFOPLIST_FILE = FeatureStarUITests/Info.plist;
				LD_RUNPATH_SEARCH_PATHS = "$(inherited) @executable_path/Frameworks @loader_path/Frameworks";
				PRODUCT_BUNDLE_IDENTIFIER = studyDemo.com.FeatureStarUITests;
				PRODUCT_NAME = "$(TARGET_NAME)";
				SWIFT_VERSION = 4.0;
				TARGETED_DEVICE_FAMILY = "1,2";
				TEST_TARGET_NAME = FeatureStar;
			};
			name = Release;
		};
/* End XCBuildConfiguration section */

/* Begin XCConfigurationList section */
		22CAAE7C202998C500738512 /* Build configuration list for PBXProject "FeatureStar" */ = {
			isa = XCConfigurationList;
			buildConfigurations = (
				22CAAEA7202998C600738512 /* Debug */,
				22CAAEA8202998C600738512 /* Release */,
			);
			defaultConfigurationIsVisible = 0;
			defaultConfigurationName = Release;
		};
		22CAAEA9202998C600738512 /* Build configuration list for PBXNativeTarget "FeatureStar" */ = {
			isa = XCConfigurationList;
			buildConfigurations = (
				22CAAEAA202998C600738512 /* Debug */,
				22CAAEAB202998C600738512 /* Release */,
			);
			defaultConfigurationIsVisible = 0;
			defaultConfigurationName = Release;
		};
		22CAAEAC202998C600738512 /* Build configuration list for PBXNativeTarget "FeatureStarTests" */ = {
			isa = XCConfigurationList;
			buildConfigurations = (
				22CAAEAD202998C600738512 /* Debug */,
				22CAAEAE202998C600738512 /* Release */,
			);
			defaultConfigurationIsVisible = 0;
			defaultConfigurationName = Release;
		};
		22CAAEAF202998C600738512 /* Build configuration list for PBXNativeTarget "FeatureStarUITests" */ = {
			isa = XCConfigurationList;
			buildConfigurations = (
				22CAAEB0202998C600738512 /* Debug */,
				22CAAEB1202998C600738512 /* Release */,
			);
			defaultConfigurationIsVisible = 0;
			defaultConfigurationName = Release;
		};
/* End XCConfigurationList section */
	};
	rootObject = 22CAAE79202998C500738512 /* Project object */;
}
